
Microsoft Visual Studio Solution File, Format Version 12.00
# Visual Studio Version 17
VisualStudioVersion = 17.1.32210.238
MinimumVisualStudioVersion = 10.0.40219.1
Project("{9A19103F-16F7-4668-BE54-9A1E7A4F7556}") = "WebApiSoat", "WebApiSoat\WebApiSoat.csproj", "{CC3C3B60-051B-44C8-875E-1D0197179960}"
EndProject
Project("{2150E333-8FDC-42A3-9474-1A3956D46DE8}") = "01Aplicacion", "01Aplicacion", "{8899FFFF-65DC-4023-A680-D9A429173D88}"
EndProject
Project("{2150E333-8FDC-42A3-9474-1A3956D46DE8}") = "02.Infraestructura", "02.Infraestructura", "{B6A6712D-4239-4F63-87EE-1869F3D55A9A}"
EndProject
Project("{2150E333-8FDC-42A3-9474-1A3956D46DE8}") = "03.Domain", "03.Domain", "{82734BB8-F95F-431F-90E6-5A2422AF9C93}"
EndProject
Project("{9A19103F-16F7-4668-BE54-9A1E7A4F7556}") = "WebApiSoat.Core", "WebApiSoat.Core\WebApiSoat.Core.csproj", "{3AA97EBD-C8B8-4B72-BDDC-5E05C5C685C2}"
EndProject
Project("{9A19103F-16F7-4668-BE54-9A1E7A4F7556}") = "WebApiSoat.Persistencia", "WebApiSoat.Persistencia\WebApiSoat.Persistencia.csproj", "{C0356614-2F21-4CA5-8956-44F5BA0C7A1F}"
EndProject
Project("{FAE04EC0-301F-11D3-BF4B-00C04F79EFBC}") = "WebApiSoat.Servicios", "WebApiSoat.Servicios\WebApiSoat.Servicios.csproj", "{AF0AB9A0-06F3-489D-95F5-3F0A1F0DC077}"
EndProject
Project("{FAE04EC0-301F-11D3-BF4B-00C04F79EFBC}") = "WebApiSoat.Validacion", "WebApiSoat.Validacion\WebApiSoat.Validacion.csproj", "{1C9E6251-E69E-48F7-AABC-E4B5B35ED6A5}"
EndProject
Project("{FAE04EC0-301F-11D3-BF4B-00C04F79EFBC}") = "WebApiSoat.Mapeador", "WebApiSoat.Mapeador\WebApiSoat.Mapeador.csproj", "{BF6548ED-F4FD-4BE1-99CF-64DDA17A7132}"
EndProject
Global
	GlobalSection(SolutionConfigurationPlatforms) = preSolution
		Debug|Any CPU = Debug|Any CPU
		Release|Any CPU = Release|Any CPU
	EndGlobalSection
	GlobalSection(ProjectConfigurationPlatforms) = postSolution
		{CC3C3B60-051B-44C8-875E-1D0197179960}.Debug|Any CPU.ActiveCfg = Debug|Any CPU
		{CC3C3B60-051B-44C8-875E-1D0197179960}.Debug|Any CPU.Build.0 = Debug|Any CPU
		{CC3C3B60-051B-44C8-875E-1D0197179960}.Release|Any CPU.ActiveCfg = Release|Any CPU
		{CC3C3B60-051B-44C8-875E-1D0197179960}.Release|Any CPU.Build.0 = Release|Any CPU
		{3AA97EBD-C8B8-4B72-BDDC-5E05C5C685C2}.Debug|Any CPU.ActiveCfg = Debug|Any CPU
		{3AA97EBD-C8B8-4B72-BDDC-5E05C5C685C2}.Debug|Any CPU.Build.0 = Debug|Any CPU
		{3AA97EBD-C8B8-4B72-BDDC-5E05C5C685C2}.Release|Any CPU.ActiveCfg = Release|Any CPU
		{3AA97EBD-C8B8-4B72-BDDC-5E05C5C685C2}.Release|Any CPU.Build.0 = Release|Any CPU
		{C0356614-2F21-4CA5-8956-44F5BA0C7A1F}.Debug|Any CPU.ActiveCfg = Debug|Any CPU
		{C0356614-2F21-4CA5-8956-44F5BA0C7A1F}.Debug|Any CPU.Build.0 = Debug|Any CPU
		{C0356614-2F21-4CA5-8956-44F5BA0C7A1F}.Release|Any CPU.ActiveCfg = Release|Any CPU
		{C0356614-2F21-4CA5-8956-44F5BA0C7A1F}.Release|Any CPU.Build.0 = Release|Any CPU
		{AF0AB9A0-06F3-489D-95F5-3F0A1F0DC077}.Debug|Any CPU.ActiveCfg = Debug|Any CPU
		{AF0AB9A0-06F3-489D-95F5-3F0A1F0DC077}.Debug|Any CPU.Build.0 = Debug|Any CPU
		{AF0AB9A0-06F3-489D-95F5-3F0A1F0DC077}.Release|Any CPU.ActiveCfg = Release|Any CPU
		{AF0AB9A0-06F3-489D-95F5-3F0A1F0DC077}.Release|Any CPU.Build.0 = Release|Any CPU
		{1C9E6251-E69E-48F7-AABC-E4B5B35ED6A5}.Debug|Any CPU.ActiveCfg = Debug|Any CPU
		{1C9E6251-E69E-48F7-AABC-E4B5B35ED6A5}.Debug|Any CPU.Build.0 = Debug|Any CPU
		{1C9E6251-E69E-48F7-AABC-E4B5B35ED6A5}.Release|Any CPU.ActiveCfg = Release|Any CPU
		{1C9E6251-E69E-48F7-AABC-E4B5B35ED6A5}.Release|Any CPU.Build.0 = Release|Any CPU
		{BF6548ED-F4FD-4BE1-99CF-64DDA17A7132}.Debug|Any CPU.ActiveCfg = Debug|Any CPU
		{BF6548ED-F4FD-4BE1-99CF-64DDA17A7132}.Debug|Any CPU.Build.0 = Debug|Any CPU
		{BF6548ED-F4FD-4BE1-99CF-64DDA17A7132}.Release|Any CPU.ActiveCfg = Release|Any CPU
		{BF6548ED-F4FD-4BE1-99CF-64DDA17A7132}.Release|Any CPU.Build.0 = Release|Any CPU
	EndGlobalSection
	GlobalSection(SolutionProperties) = preSolution
		HideSolutionNode = FALSE
	EndGlobalSection
	GlobalSection(NestedProjects) = preSolution
		{CC3C3B60-051B-44C8-875E-1D0197179960} = {8899FFFF-65DC-4023-A680-D9A429173D88}
		{3AA97EBD-C8B8-4B72-BDDC-5E05C5C685C2} = {82734BB8-F95F-431F-90E6-5A2422AF9C93}
		{C0356614-2F21-4CA5-8956-44F5BA0C7A1F} = {B6A6712D-4239-4F63-87EE-1869F3D55A9A}
		{AF0AB9A0-06F3-489D-95F5-3F0A1F0DC077} = {B6A6712D-4239-4F63-87EE-1869F3D55A9A}
		{1C9E6251-E69E-48F7-AABC-E4B5B35ED6A5} = {B6A6712D-4239-4F63-87EE-1869F3D55A9A}
		{BF6548ED-F4FD-4BE1-99CF-64DDA17A7132} = {B6A6712D-4239-4F63-87EE-1869F3D55A9A}
	EndGlobalSection
	GlobalSection(ExtensibilityGlobals) = postSolution
		SolutionGuid = {9CABB68A-2A43-475B-BCD1-344B6B022D28}
	EndGlobalSection
EndGlobal
